
Microsoft Visual Studio Solution File, Format Version 12.00
# Visual Studio Version 18
VisualStudioVersion = 18.1.11304.174
MinimumVisualStudioVersion = 10.0.40219.1
Project("{2150E333-8FDC-42A3-9474-1A3956D46DE8}") = "Repository", "Repository", "{F05DCCC5-790C-4FE3-9572-C0CBC559B88C}"
EndProject
Project("{2150E333-8FDC-42A3-9474-1A3956D46DE8}") = "Utilities", "Utilities", "{C5E07A3C-C624-470F-8B51-3ED0D921A70A}"
EndProject
Project("{9A19103F-16F7-4668-BE54-9A1E7A4F7556}") = "RazManager.Utilities.Store", "RazManager.Utilities.Store\RazManager.Utilities.Store.csproj", "{6D5BE0BC-0E9A-437E-BB2F-A732E740B364}"
EndProject
Project("{9A19103F-16F7-4668-BE54-9A1E7A4F7556}") = "RazManager.Repository", "RazManager.Repository\RazManager.Repository.csproj", "{DEF1DEEC-EA37-4696-91CA-72ADE39399D6}"
EndProject
Project("{2150E333-8FDC-42A3-9474-1A3956D46DE8}") = "Server", "Server", "{8F2C0921-5690-4BE6-B13D-442710CB1E15}"
EndProject
Project("{2150E333-8FDC-42A3-9474-1A3956D46DE8}") = "ReverseProxy", "ReverseProxy", "{1DA3471B-E651-4831-9205-ED45FE122578}"
EndProject
Project("{9A19103F-16F7-4668-BE54-9A1E7A4F7556}") = "RazManager.ReverseProxy", "RazManager.ReverseProxy\RazManager.ReverseProxy.csproj", "{38CE1146-40E8-4BC1-B9AD-3D6D9A11476B}"
EndProject
Project("{E53339B2-1760-4266-BCC7-CA923CBCF16C}") = "docker-compose", "docker-compose.dcproj", "{1D9EBE76-1BB1-4746-8DF6-B1ECB256C249}"
EndProject
Project("{2150E333-8FDC-42A3-9474-1A3956D46DE8}") = "Identity", "Identity", "{88C70001-FB95-44BE-9342-E1CF75F4304F}"
EndProject
Project("{9A19103F-16F7-4668-BE54-9A1E7A4F7556}") = "RazManager.Identity", "RazManager.Identity\RazManager.Identity.csproj", "{CEBC6CF5-AF0C-4FA9-96F1-9F068C9B8B5F}"
EndProject
Project("{2150E333-8FDC-42A3-9474-1A3956D46DE8}") = "Client", "Client", "{F851F457-A1C7-4178-8E52-856A2135CC66}"
EndProject
Project("{9A19103F-16F7-4668-BE54-9A1E7A4F7556}") = "RazManager.Identity.ClientPassword", "RazManager.Identity.ClientPassword\RazManager.Identity.ClientPassword.csproj", "{D2B45B5C-F512-4AC5-8055-869269D693DB}"
EndProject
Project("{9A19103F-16F7-4668-BE54-9A1E7A4F7556}") = "RazManager.Utilities.EntityFramework", "RazManager.Utilities.EntityFramework\RazManager.Utilities.EntityFramework.csproj", "{B8A17BD1-DD55-44F7-A7D6-07618F78DCDC}"
EndProject
Project("{9A19103F-16F7-4668-BE54-9A1E7A4F7556}") = "RazManager.Utilities.Protobuf", "RazManager.Utilities.Protobuf\RazManager.Utilities.Protobuf.csproj", "{607E07B6-1BED-45C0-A10E-A8E8B276AB9B}"
EndProject
Project("{9A19103F-16F7-4668-BE54-9A1E7A4F7556}") = "RazManager.Utilities.Host", "RazManager.Utilities.Host\RazManager.Utilities.Host.csproj", "{9AB39E06-9892-49BF-9C2C-2FEF555C95BF}"
EndProject
Project("{2150E333-8FDC-42A3-9474-1A3956D46DE8}") = "App", "App", "{15A7D803-6C34-406E-8B63-680B796FBE70}"
EndProject
Project("{9A19103F-16F7-4668-BE54-9A1E7A4F7556}") = "RazManager.App", "RazManager.App\RazManager.App.csproj", "{0B28D4B7-0FB2-4906-94D0-02A093D66F00}"
EndProject
Project("{9A19103F-16F7-4668-BE54-9A1E7A4F7556}") = "RazManager.Utilities.Grpc", "RazManager.Utilities.Grpc\RazManager.Utilities.Grpc.csproj", "{B1FFE748-A293-48A9-9BDE-4B8BF1E0B3A4}"
EndProject
Project("{2150E333-8FDC-42A3-9474-1A3956D46DE8}") = "Silo", "Silo", "{E5214681-A8F2-42E7-85BF-8699D49BA802}"
EndProject
Project("{9A19103F-16F7-4668-BE54-9A1E7A4F7556}") = "RazManager.Silo.Grains.Abstractions", "RazManager.Silo.Grains.Abstractions\RazManager.Silo.Grains.Abstractions.csproj", "{0CEB6258-5AC6-494F-80CC-B8CCA9F2267F}"
EndProject
Project("{9A19103F-16F7-4668-BE54-9A1E7A4F7556}") = "RazManager.Silo.Grains", "RazManager.Silo.Grains\RazManager.Silo.Grains.csproj", "{1263FC17-96DC-4632-9DBC-4A9A71FA3002}"
EndProject
Project("{9A19103F-16F7-4668-BE54-9A1E7A4F7556}") = "RazManager.Silo.Host", "RazManager.Silo.Host\RazManager.Silo.Host.csproj", "{DC680751-F422-4B6D-9FBF-2ADC8FB23BC5}"
EndProject
Project("{9A19103F-16F7-4668-BE54-9A1E7A4F7556}") = "RazManager.Utilities.AspNetCoreGrpc", "RazManager.Utilities.AspNetCoreGrpc\RazManager.Utilities.AspNetCoreGrpc.csproj", "{10EE0EE9-C15E-4A8D-B633-77A6AEADA4B7}"
EndProject
Project("{9A19103F-16F7-4668-BE54-9A1E7A4F7556}") = "RazManager.Client.Stream", "RazManager.Client.Stream\RazManager.Client.Stream.csproj", "{6EE03660-3B4B-4BFF-A8D6-80A3AC71B4AB}"
EndProject
Project("{9A19103F-16F7-4668-BE54-9A1E7A4F7556}") = "RazManager.Silo.Repository", "RazManager.Silo.Repository\RazManager.Silo.Repository.csproj", "{D65477BE-4BD1-4CE0-8972-34656B70F28A}"
EndProject
Project("{FAE04EC0-301F-11D3-BF4B-00C04F79EFBC}") = "RazManager.Resources", "RazManager.Resources\RazManager.Resources.csproj", "{284722CD-CEB9-4C08-A84C-940EFB8CC0DB}"
EndProject
Project("{2150E333-8FDC-42A3-9474-1A3956D46DE8}") = "Common", "Common", "{1695871F-918F-4A12-A9E4-464DBEC25B20}"
EndProject
Project("{FAE04EC0-301F-11D3-BF4B-00C04F79EFBC}") = "RazManager.IO", "RazManager.IO\RazManager.IO.csproj", "{B4CEEE75-A719-454B-8D0E-2BDAD16F9601}"
EndProject
Project("{2150E333-8FDC-42A3-9474-1A3956D46DE8}") = "Device", "Device", "{CF0F18FC-71F5-40E6-A000-AF9FC796CF7E}"
EndProject
Project("{FAE04EC0-301F-11D3-BF4B-00C04F79EFBC}") = "RazManager.Device", "RazManager.Device\RazManager.Device.csproj", "{96A9D089-D0B1-4F96-85D5-B379287C4DC0}"
EndProject
Project("{FAE04EC0-301F-11D3-BF4B-00C04F79EFBC}") = "RazManager.Utilities.Speech", "RazManager.Utilities.Speech\RazManager.Utilities.Speech.csproj", "{F1D3BAA5-AD23-47A8-9C5C-29D9FB3A528E}"
EndProject
Project("{FAE04EC0-301F-11D3-BF4B-00C04F79EFBC}") = "RazManager.Utilities.GrpcClient", "RazManager.Utilities.GrpcClient\RazManager.Utilities.GrpcClient.csproj", "{BBF76A80-531A-4FE9-9010-28F64D0273A8}"
EndProject
Project("{FAE04EC0-301F-11D3-BF4B-00C04F79EFBC}") = "RazManager.Utilities.Exceptions", "RazManager.Utilities.Exceptions\RazManager.Utilities.Exceptions.csproj", "{E9A48782-7CDC-4424-BB7B-0EE8EEF442E9}"
EndProject
Global
	GlobalSection(SolutionConfigurationPlatforms) = preSolution
		Debug|Any CPU = Debug|Any CPU
		Release|Any CPU = Release|Any CPU
	EndGlobalSection
	GlobalSection(ProjectConfigurationPlatforms) = postSolution
		{6D5BE0BC-0E9A-437E-BB2F-A732E740B364}.Debug|Any CPU.ActiveCfg = Debug|Any CPU
		{6D5BE0BC-0E9A-437E-BB2F-A732E740B364}.Debug|Any CPU.Build.0 = Debug|Any CPU
		{6D5BE0BC-0E9A-437E-BB2F-A732E740B364}.Release|Any CPU.ActiveCfg = Release|Any CPU
		{6D5BE0BC-0E9A-437E-BB2F-A732E740B364}.Release|Any CPU.Build.0 = Release|Any CPU
		{DEF1DEEC-EA37-4696-91CA-72ADE39399D6}.Debug|Any CPU.ActiveCfg = Debug|Any CPU
		{DEF1DEEC-EA37-4696-91CA-72ADE39399D6}.Debug|Any CPU.Build.0 = Debug|Any CPU
		{DEF1DEEC-EA37-4696-91CA-72ADE39399D6}.Release|Any CPU.ActiveCfg = Release|Any CPU
		{DEF1DEEC-EA37-4696-91CA-72ADE39399D6}.Release|Any CPU.Build.0 = Release|Any CPU
		{38CE1146-40E8-4BC1-B9AD-3D6D9A11476B}.Debug|Any CPU.ActiveCfg = Debug|Any CPU
		{38CE1146-40E8-4BC1-B9AD-3D6D9A11476B}.Debug|Any CPU.Build.0 = Debug|Any CPU
		{38CE1146-40E8-4BC1-B9AD-3D6D9A11476B}.Release|Any CPU.ActiveCfg = Release|Any CPU
		{38CE1146-40E8-4BC1-B9AD-3D6D9A11476B}.Release|Any CPU.Build.0 = Release|Any CPU
		{1D9EBE76-1BB1-4746-8DF6-B1ECB256C249}.Debug|Any CPU.ActiveCfg = Debug|Any CPU
		{1D9EBE76-1BB1-4746-8DF6-B1ECB256C249}.Debug|Any CPU.Build.0 = Debug|Any CPU
		{1D9EBE76-1BB1-4746-8DF6-B1ECB256C249}.Release|Any CPU.ActiveCfg = Release|Any CPU
		{1D9EBE76-1BB1-4746-8DF6-B1ECB256C249}.Release|Any CPU.Build.0 = Release|Any CPU
		{CEBC6CF5-AF0C-4FA9-96F1-9F068C9B8B5F}.Debug|Any CPU.ActiveCfg = Debug|Any CPU
		{CEBC6CF5-AF0C-4FA9-96F1-9F068C9B8B5F}.Debug|Any CPU.Build.0 = Debug|Any CPU
		{CEBC6CF5-AF0C-4FA9-96F1-9F068C9B8B5F}.Release|Any CPU.ActiveCfg = Release|Any CPU
		{CEBC6CF5-AF0C-4FA9-96F1-9F068C9B8B5F}.Release|Any CPU.Build.0 = Release|Any CPU
		{D2B45B5C-F512-4AC5-8055-869269D693DB}.Debug|Any CPU.ActiveCfg = Debug|Any CPU
		{D2B45B5C-F512-4AC5-8055-869269D693DB}.Debug|Any CPU.Build.0 = Debug|Any CPU
		{D2B45B5C-F512-4AC5-8055-869269D693DB}.Release|Any CPU.ActiveCfg = Release|Any CPU
		{D2B45B5C-F512-4AC5-8055-869269D693DB}.Release|Any CPU.Build.0 = Release|Any CPU
		{B8A17BD1-DD55-44F7-A7D6-07618F78DCDC}.Debug|Any CPU.ActiveCfg = Debug|Any CPU
		{B8A17BD1-DD55-44F7-A7D6-07618F78DCDC}.Debug|Any CPU.Build.0 = Debug|Any CPU
		{B8A17BD1-DD55-44F7-A7D6-07618F78DCDC}.Release|Any CPU.ActiveCfg = Release|Any CPU
		{B8A17BD1-DD55-44F7-A7D6-07618F78DCDC}.Release|Any CPU.Build.0 = Release|Any CPU
		{607E07B6-1BED-45C0-A10E-A8E8B276AB9B}.Debug|Any CPU.ActiveCfg = Debug|Any CPU
		{607E07B6-1BED-45C0-A10E-A8E8B276AB9B}.Debug|Any CPU.Build.0 = Debug|Any CPU
		{607E07B6-1BED-45C0-A10E-A8E8B276AB9B}.Release|Any CPU.ActiveCfg = Release|Any CPU
		{607E07B6-1BED-45C0-A10E-A8E8B276AB9B}.Release|Any CPU.Build.0 = Release|Any CPU
		{9AB39E06-9892-49BF-9C2C-2FEF555C95BF}.Debug|Any CPU.ActiveCfg = Debug|Any CPU
		{9AB39E06-9892-49BF-9C2C-2FEF555C95BF}.Debug|Any CPU.Build.0 = Debug|Any CPU
		{9AB39E06-9892-49BF-9C2C-2FEF555C95BF}.Release|Any CPU.ActiveCfg = Release|Any CPU
		{9AB39E06-9892-49BF-9C2C-2FEF555C95BF}.Release|Any CPU.Build.0 = Release|Any CPU
		{0B28D4B7-0FB2-4906-94D0-02A093D66F00}.Debug|Any CPU.ActiveCfg = Debug|Any CPU
		{0B28D4B7-0FB2-4906-94D0-02A093D66F00}.Debug|Any CPU.Build.0 = Debug|Any CPU
		{0B28D4B7-0FB2-4906-94D0-02A093D66F00}.Release|Any CPU.ActiveCfg = Release|Any CPU
		{0B28D4B7-0FB2-4906-94D0-02A093D66F00}.Release|Any CPU.Build.0 = Release|Any CPU
		{B1FFE748-A293-48A9-9BDE-4B8BF1E0B3A4}.Debug|Any CPU.ActiveCfg = Debug|Any CPU
		{B1FFE748-A293-48A9-9BDE-4B8BF1E0B3A4}.Debug|Any CPU.Build.0 = Debug|Any CPU
		{B1FFE748-A293-48A9-9BDE-4B8BF1E0B3A4}.Release|Any CPU.ActiveCfg = Release|Any CPU
		{B1FFE748-A293-48A9-9BDE-4B8BF1E0B3A4}.Release|Any CPU.Build.0 = Release|Any CPU
		{0CEB6258-5AC6-494F-80CC-B8CCA9F2267F}.Debug|Any CPU.ActiveCfg = Debug|Any CPU
		{0CEB6258-5AC6-494F-80CC-B8CCA9F2267F}.Debug|Any CPU.Build.0 = Debug|Any CPU
		{0CEB6258-5AC6-494F-80CC-B8CCA9F2267F}.Release|Any CPU.ActiveCfg = Release|Any CPU
		{0CEB6258-5AC6-494F-80CC-B8CCA9F2267F}.Release|Any CPU.Build.0 = Release|Any CPU
		{1263FC17-96DC-4632-9DBC-4A9A71FA3002}.Debug|Any CPU.ActiveCfg = Debug|Any CPU
		{1263FC17-96DC-4632-9DBC-4A9A71FA3002}.Debug|Any CPU.Build.0 = Debug|Any CPU
		{1263FC17-96DC-4632-9DBC-4A9A71FA3002}.Release|Any CPU.ActiveCfg = Release|Any CPU
		{1263FC17-96DC-4632-9DBC-4A9A71FA3002}.Release|Any CPU.Build.0 = Release|Any CPU
		{DC680751-F422-4B6D-9FBF-2ADC8FB23BC5}.Debug|Any CPU.ActiveCfg = Debug|Any CPU
		{DC680751-F422-4B6D-9FBF-2ADC8FB23BC5}.Debug|Any CPU.Build.0 = Debug|Any CPU
		{DC680751-F422-4B6D-9FBF-2ADC8FB23BC5}.Release|Any CPU.ActiveCfg = Release|Any CPU
		{DC680751-F422-4B6D-9FBF-2ADC8FB23BC5}.Release|Any CPU.Build.0 = Release|Any CPU
		{10EE0EE9-C15E-4A8D-B633-77A6AEADA4B7}.Debug|Any CPU.ActiveCfg = Debug|Any CPU
		{10EE0EE9-C15E-4A8D-B633-77A6AEADA4B7}.Debug|Any CPU.Build.0 = Debug|Any CPU
		{10EE0EE9-C15E-4A8D-B633-77A6AEADA4B7}.Release|Any CPU.ActiveCfg = Release|Any CPU
		{10EE0EE9-C15E-4A8D-B633-77A6AEADA4B7}.Release|Any CPU.Build.0 = Release|Any CPU
		{6EE03660-3B4B-4BFF-A8D6-80A3AC71B4AB}.Debug|Any CPU.ActiveCfg = Debug|Any CPU
		{6EE03660-3B4B-4BFF-A8D6-80A3AC71B4AB}.Debug|Any CPU.Build.0 = Debug|Any CPU
		{6EE03660-3B4B-4BFF-A8D6-80A3AC71B4AB}.Release|Any CPU.ActiveCfg = Release|Any CPU
		{6EE03660-3B4B-4BFF-A8D6-80A3AC71B4AB}.Release|Any CPU.Build.0 = Release|Any CPU
		{D65477BE-4BD1-4CE0-8972-34656B70F28A}.Debug|Any CPU.ActiveCfg = Debug|Any CPU
		{D65477BE-4BD1-4CE0-8972-34656B70F28A}.Debug|Any CPU.Build.0 = Debug|Any CPU
		{D65477BE-4BD1-4CE0-8972-34656B70F28A}.Release|Any CPU.ActiveCfg = Release|Any CPU
		{D65477BE-4BD1-4CE0-8972-34656B70F28A}.Release|Any CPU.Build.0 = Release|Any CPU
		{284722CD-CEB9-4C08-A84C-940EFB8CC0DB}.Debug|Any CPU.ActiveCfg = Debug|Any CPU
		{284722CD-CEB9-4C08-A84C-940EFB8CC0DB}.Debug|Any CPU.Build.0 = Debug|Any CPU
		{284722CD-CEB9-4C08-A84C-940EFB8CC0DB}.Release|Any CPU.ActiveCfg = Release|Any CPU
		{284722CD-CEB9-4C08-A84C-940EFB8CC0DB}.Release|Any CPU.Build.0 = Release|Any CPU
		{B4CEEE75-A719-454B-8D0E-2BDAD16F9601}.Debug|Any CPU.ActiveCfg = Debug|Any CPU
		{B4CEEE75-A719-454B-8D0E-2BDAD16F9601}.Debug|Any CPU.Build.0 = Debug|Any CPU
		{B4CEEE75-A719-454B-8D0E-2BDAD16F9601}.Release|Any CPU.ActiveCfg = Release|Any CPU
		{B4CEEE75-A719-454B-8D0E-2BDAD16F9601}.Release|Any CPU.Build.0 = Release|Any CPU
		{96A9D089-D0B1-4F96-85D5-B379287C4DC0}.Debug|Any CPU.ActiveCfg = Debug|Any CPU
		{96A9D089-D0B1-4F96-85D5-B379287C4DC0}.Debug|Any CPU.Build.0 = Debug|Any CPU
		{96A9D089-D0B1-4F96-85D5-B379287C4DC0}.Release|Any CPU.ActiveCfg = Release|Any CPU
		{96A9D089-D0B1-4F96-85D5-B379287C4DC0}.Release|Any CPU.Build.0 = Release|Any CPU
		{F1D3BAA5-AD23-47A8-9C5C-29D9FB3A528E}.Debug|Any CPU.ActiveCfg = Debug|Any CPU
		{F1D3BAA5-AD23-47A8-9C5C-29D9FB3A528E}.Debug|Any CPU.Build.0 = Debug|Any CPU
		{F1D3BAA5-AD23-47A8-9C5C-29D9FB3A528E}.Release|Any CPU.ActiveCfg = Release|Any CPU
		{F1D3BAA5-AD23-47A8-9C5C-29D9FB3A528E}.Release|Any CPU.Build.0 = Release|Any CPU
		{BBF76A80-531A-4FE9-9010-28F64D0273A8}.Debug|Any CPU.ActiveCfg = Debug|Any CPU
		{BBF76A80-531A-4FE9-9010-28F64D0273A8}.Debug|Any CPU.Build.0 = Debug|Any CPU
		{BBF76A80-531A-4FE9-9010-28F64D0273A8}.Release|Any CPU.ActiveCfg = Release|Any CPU
		{BBF76A80-531A-4FE9-9010-28F64D0273A8}.Release|Any CPU.Build.0 = Release|Any CPU
		{E9A48782-7CDC-4424-BB7B-0EE8EEF442E9}.Debug|Any CPU.ActiveCfg = Debug|Any CPU
		{E9A48782-7CDC-4424-BB7B-0EE8EEF442E9}.Debug|Any CPU.Build.0 = Debug|Any CPU
		{E9A48782-7CDC-4424-BB7B-0EE8EEF442E9}.Release|Any CPU.ActiveCfg = Release|Any CPU
		{E9A48782-7CDC-4424-BB7B-0EE8EEF442E9}.Release|Any CPU.Build.0 = Release|Any CPU
	EndGlobalSection
	GlobalSection(SolutionProperties) = preSolution
		HideSolutionNode = FALSE
	EndGlobalSection
	GlobalSection(NestedProjects) = preSolution
		{F05DCCC5-790C-4FE3-9572-C0CBC559B88C} = {8F2C0921-5690-4BE6-B13D-442710CB1E15}
		{C5E07A3C-C624-470F-8B51-3ED0D921A70A} = {8F2C0921-5690-4BE6-B13D-442710CB1E15}
		{6D5BE0BC-0E9A-437E-BB2F-A732E740B364} = {C5E07A3C-C624-470F-8B51-3ED0D921A70A}
		{DEF1DEEC-EA37-4696-91CA-72ADE39399D6} = {F05DCCC5-790C-4FE3-9572-C0CBC559B88C}
		{1DA3471B-E651-4831-9205-ED45FE122578} = {8F2C0921-5690-4BE6-B13D-442710CB1E15}
		{38CE1146-40E8-4BC1-B9AD-3D6D9A11476B} = {1DA3471B-E651-4831-9205-ED45FE122578}
		{88C70001-FB95-44BE-9342-E1CF75F4304F} = {8F2C0921-5690-4BE6-B13D-442710CB1E15}
		{CEBC6CF5-AF0C-4FA9-96F1-9F068C9B8B5F} = {88C70001-FB95-44BE-9342-E1CF75F4304F}
		{D2B45B5C-F512-4AC5-8055-869269D693DB} = {F851F457-A1C7-4178-8E52-856A2135CC66}
		{B8A17BD1-DD55-44F7-A7D6-07618F78DCDC} = {C5E07A3C-C624-470F-8B51-3ED0D921A70A}
		{607E07B6-1BED-45C0-A10E-A8E8B276AB9B} = {C5E07A3C-C624-470F-8B51-3ED0D921A70A}
		{9AB39E06-9892-49BF-9C2C-2FEF555C95BF} = {C5E07A3C-C624-470F-8B51-3ED0D921A70A}
		{15A7D803-6C34-406E-8B63-680B796FBE70} = {8F2C0921-5690-4BE6-B13D-442710CB1E15}
		{0B28D4B7-0FB2-4906-94D0-02A093D66F00} = {15A7D803-6C34-406E-8B63-680B796FBE70}
		{B1FFE748-A293-48A9-9BDE-4B8BF1E0B3A4} = {C5E07A3C-C624-470F-8B51-3ED0D921A70A}
		{E5214681-A8F2-42E7-85BF-8699D49BA802} = {8F2C0921-5690-4BE6-B13D-442710CB1E15}
		{0CEB6258-5AC6-494F-80CC-B8CCA9F2267F} = {E5214681-A8F2-42E7-85BF-8699D49BA802}
		{1263FC17-96DC-4632-9DBC-4A9A71FA3002} = {E5214681-A8F2-42E7-85BF-8699D49BA802}
		{DC680751-F422-4B6D-9FBF-2ADC8FB23BC5} = {E5214681-A8F2-42E7-85BF-8699D49BA802}
		{10EE0EE9-C15E-4A8D-B633-77A6AEADA4B7} = {C5E07A3C-C624-470F-8B51-3ED0D921A70A}
		{6EE03660-3B4B-4BFF-A8D6-80A3AC71B4AB} = {F851F457-A1C7-4178-8E52-856A2135CC66}
		{D65477BE-4BD1-4CE0-8972-34656B70F28A} = {E5214681-A8F2-42E7-85BF-8699D49BA802}
		{284722CD-CEB9-4C08-A84C-940EFB8CC0DB} = {1695871F-918F-4A12-A9E4-464DBEC25B20}
		{1695871F-918F-4A12-A9E4-464DBEC25B20} = {8F2C0921-5690-4BE6-B13D-442710CB1E15}
		{B4CEEE75-A719-454B-8D0E-2BDAD16F9601} = {F851F457-A1C7-4178-8E52-856A2135CC66}
		{CF0F18FC-71F5-40E6-A000-AF9FC796CF7E} = {8F2C0921-5690-4BE6-B13D-442710CB1E15}
		{96A9D089-D0B1-4F96-85D5-B379287C4DC0} = {CF0F18FC-71F5-40E6-A000-AF9FC796CF7E}
		{F1D3BAA5-AD23-47A8-9C5C-29D9FB3A528E} = {C5E07A3C-C624-470F-8B51-3ED0D921A70A}
		{BBF76A80-531A-4FE9-9010-28F64D0273A8} = {C5E07A3C-C624-470F-8B51-3ED0D921A70A}
		{E9A48782-7CDC-4424-BB7B-0EE8EEF442E9} = {C5E07A3C-C624-470F-8B51-3ED0D921A70A}
	EndGlobalSection
	GlobalSection(ExtensibilityGlobals) = postSolution
		SolutionGuid = {029BFBD5-2D81-4249-8DA6-8C64DD22DD32}
	EndGlobalSection
EndGlobal
